
Microsoft Visual Studio Solution File, Format Version 12.00
# Visual Studio Version 16
VisualStudioVersion = 16.0.32002.261
MinimumVisualStudioVersion = 10.0.40219.1
Project("{9A19103F-16F7-4668-BE54-9A1E7A4F7556}") = "SPOT", "SPOT.csproj", "{778993A3-9F77-46FC-A177-EBE09F875891}"
EndProject
Global
	GlobalSection(SolutionConfigurationPlatforms) = preSolution
		Debug|Any CPU = Debug|Any CPU
		Release|Any CPU = Release|Any CPU
	EndGlobalSection
	GlobalSection(ProjectConfigurationPlatforms) = postSolution
		{778993A3-9F77-46FC-A177-EBE09F875891}.Debug|Any CPU.ActiveCfg = Debug|Any CPU
		{778993A3-9F77-46FC-A177-EBE09F875891}.Debug|Any CPU.Build.0 = Debug|Any CPU
		{778993A3-9F77-46FC-A177-EBE09F875891}.Release|Any CPU.ActiveCfg = Release|Any CPU
		{778993A3-9F77-46FC-A177-EBE09F875891}.Release|Any CPU.Build.0 = Release|Any CPU
	EndGlobalSection
	GlobalSection(SolutionProperties) = preSolution
		HideSolutionNode = FALSE
	EndGlobalSection
	GlobalSection(ExtensibilityGlobals) = postSolution
		SolutionGuid = {E6CF3B6C-9C19-4FE1-A185-672557E22117}
	EndGlobalSection
EndGlobal
